# THIS IS AN AUTOGENERATED FILE. DO NOT EDIT THIS FILE DIRECTLY.
# yarn lockfile v1


decode-uri-component@^0.2.0:
  version "0.2.0"
  resolved "https://registry.yarnpkg.com/decode-uri-component/-/decode-uri-component-0.2.0.tgz#eb3913333458775cb84cd1a1fae062106bb87545"
  integrity sha1-6zkTMzRYd1y4TNGh+uBiEGu4dUU=

lodash@4.17.20:
  version "4.17.20"
  resolved "https://registry.yarnpkg.com/lodash/-/lodash-4.17.20.tgz#b44a9b6297bcb698f1c51a3545a2b3b368d59c52"
  integrity sha512-PlhdFcillOINfeV7Ni6oF1TAEayyZBoZ8bcshTHqOYJYlrqzRK5hagpagky5o4HfCzzd1TRkXPMFq6cKk9rGmA==

proper-url-join@2.1.1:
  version "2.1.1"
  resolved "https://registry.yarnpkg.com/proper-url-join/-/proper-url-join-2.1.1.tgz#ee4146edc08f512a0ee1053a355e06950691d06f"
  integrity sha512-40x6taKMwsDn4TrWx4YvnVxv5mO1O9KUrbK/jx8N0oDYf38ZFUK/OHNSAwTvu7Aj+cQcjBuf5aDh5R328YrrXg==
  dependencies:
    query-string "^6.3.0"

query-string@^6.3.0:
  version "6.13.5"
  resolved "https://registry.yarnpkg.com/query-string/-/query-string-6.13.5.tgz#99e95e2fb7021db90a6f373f990c0c814b3812d8"
  integrity sha512-svk3xg9qHR39P3JlHuD7g3nRnyay5mHbrPctEBDUxUkHRifPHXJDhBUycdCC0NBjXoDf44Gb+IsOZL1Uwn8M/Q==
  dependencies:
    decode-uri-component "^0.2.0"
    split-on-first "^1.0.0"
    strict-uri-encode "^2.0.0"

sax@^1.2.4:
  version "1.2.4"
  resolved "https://registry.yarnpkg.com/sax/-/sax-1.2.4.tgz#2816234e2378bddc4e5354fab5caa895df7100d9"
  integrity sha512-NqVDv9TpANUjFm0N8uM5GxL36UgKi9/atZw+x7YFnQ8ckwFGKrl4xX4yWtrey3UJm5nP1kUbnYgLopqWNSRhWw==

split-on-first@^1.0.0:
  version "1.1.0"
  resolved "https://registry.yarnpkg.com/split-on-first/-/split-on-first-1.1.0.tgz#f610afeee3b12bce1d0c30425e76398b78249a5f"
  integrity sha512-43ZssAJaMusuKWL8sKUBQXHWOpq8d6CfN/u1p4gUzfJkM05C8rxTmYrkIPTXapZpORA6LkkzcUulJ8FqA7Uudw==

strict-uri-encode@^2.0.0:
  version "2.0.0"
  resolved "https://registry.yarnpkg.com/strict-uri-encode/-/strict-uri-encode-2.0.0.tgz#b9c7330c7042862f6b142dc274bbcc5866ce3546"
  integrity sha1-ucczDHBChi9rFC3CdLvMWGbONUY=

xml-js@1.6.11:
  version "1.6.11"
  resolved "https://registry.yarnpkg.com/xml-js/-/xml-js-1.6.11.tgz#927d2f6947f7f1c19a316dd8eea3614e8b18f8e9"
  integrity sha512-7rVi2KMfwfWFl+GpPg6m80IVMWXLRjO+PxTq7V2CDhoGak0wzYzFgUY2m4XJ47OGdXd8eLE8EmwfAmdjw7lC1g==
  dependencies:
    sax "^1.2.4"
